cel.dev/expr v0.16.1 h1:NR0+oFYzR1CqLFhTAqg3ql59G9VfN8fKq1TCHJ6gq1g=
cel.dev/expr v0.16.1/go.mod h1:AsGA5zb3WruAEQeQng1RZdGEXmBj0jvMWh6l5SnNuC8=
cloud.google.com/go v0.116.0 h1:B3fRrSDkLRt5qSHWe40ERJvhvnQwdZiHu0bJOpldweE=
cloud.google.com/go v0.116.0/go.mod h1:cEPSRWPzZEswwdr9BxE6ChEn01dWlTaF05LiC2Xs70U=
cloud.google.com/go/auth v0.10.0 h1:tWlkvFAh+wwTOzXIjrwM64karR1iTBZ/GRr0S/DULYo=
cloud.google.com/go/auth v0.10.0/go.mod h1:xxA5AqpDrvS+Gkmo9RqrGGRh6WSNKKOXhY3zNOr38tI=
cloud.google.com/go/auth/oauth2adapt v0.2.5 h1:2p29+dePqsCHPP1bqDJcKj4qxRyYCcbzKpFyKGt3MTk=
cloud.google.com/go/auth/oauth2adapt v0.2.5/go.mod h1:AlmsELtlEBnaNTL7jCj8VQFLy6mbZv0s4Q7NGBeQ5E8=
cloud.google.com/go/compute/metadata v0.5.2 h1:UxK4uu/Tn+I3p2dYWTfiX4wva7aYlKixAHn3fyqngqo=
cloud.google.com/go/compute/metadata v0.5.2/go.mod h1:C66sj2AluDcIqakBq/M8lw8/ybHgOZqin2obFxa/E5k=
cloud.google.com/go/iam v1.2.1 h1:QFct02HRb7H12J/3utj0qf5tobFh9V4vR6h9eX5EBRU=
cloud.google.com/go/iam v1.2.1/go.mod h1:3VUIJDPpwT6p/amXRC5GY8fCCh70lxPygguVtI0Z4/g=
cloud.google.com/go/monitoring v1.21.1 h1:zWtbIoBMnU5LP9A/fz8LmWMGHpk4skdfeiaa66QdFGc=
cloud.google.com/go/monitoring v1.21.1/go.mod h1:Rj++LKrlht9uBi8+Eb530dIrzG/cU/lB8mt+lbeFK1c=
cloud.google.com/go/storage v1.46.0 h1:OTXISBpFd8KaA2ClT3K3oRk8UGOcTHtrZ1bW88xKiic=
cloud.google.com/go/storage v1.46.0/go.mod h1:lM+gMAW91EfXIeMTBmixRsKL/XCxysytoAgduVikjMk=
github.com/BurntSushi/toml v1.4.0 h1:kuoIxZQy2WRRk1pttg9asf+WVv6tWQuBNVmK8+nqPr0=
github.com/BurntSushi/toml v1.4.0/go.mod h1:ukJfTF/6rtPPRCnwkur4qwRxa8vTRFBF0uk2lLoLwho=
github.com/GoogleCloudPlatform/opentelemetry-operations-go/detectors/gcp v1.24.1 h1:pB2F2JKCj1Znmp2rwxxt1J0Fg0wezTMgWYk5Mpbi1kg=
github.com/GoogleCloudPlatform/opentelemetry-operations-go/detectors/gcp v1.24.1/go.mod h1:itPGVDKf9cC/ov4MdvJ2QZ0khw4bfoo9jzwTJlaxy2k=
github.com/GoogleCloudPlatform/opentelemetry-operations-go/exporter/metric v0.48.1 h1:UQ0AhxogsIRZDkElkblfnwjc3IaltCm2HUMvezQaL7s=
github.com/GoogleCloudPlatform/opentelemetry-operations-go/exporter/metric v0.48.1/go.mod h1:jyqM3eLpJ3IbIFDTKVz2rF9T/xWGW0rIriGwnz8l9Tk=
github.com/GoogleCloudPlatform/opentelemetry-operations-go/internal/resourcemapping v0.48.1 h1:8nn+rsCvTq9axyEh382S0PFLBeaFwNsT43IrPWzctRU=
github.com/GoogleCloudPlatform/opentelemetry-operations-go/internal/resourcemapping v0.48.1/go.mod h1:viRWSEhtMZqz1rhwmOVKkWl6SwmVowfL9O2YR5gI2PE=
github.com/antlr4-go/antlr/v4 v4.13.0 h1:lxCg3LAv+EUK6t1i0y1V6/SLeUi0eKEKdhQAlS8TVTI=
github.com/antlr4-go/antlr/v4 v4.13.0/go.mod h1:pfChB/xh/Unjila75QW7+VU4TSnWnnk9UTnmpPaOR2g=
github.com/apache/arrow/go/arrow v0.0.0-20200730104253-651201b0f516 h1:byKBBF2CKWBjjA4J1ZL2JXttJULvWSl50LegTyRZ728=
github.com/apache/arrow/go/arrow v0.0.0-20200730104253-651201b0f516/go.mod h1:QNYViu/X0HXDHw7m3KXzWSVXIbfUvJqBFe6Gj8/pYA0=
github.com/apache/thrift v0.14.2 h1:hY4rAyg7Eqbb27GB6gkhUKrRAuc8xRjlNtJq+LseKeY=
github.com/apache/thrift v0.14.2/go.mod h1:cp2SuWMxlEZw2r+iP2GNCdIi4C1qmUzdZFSVb+bacwQ=
github.com/aws/aws-sdk-go v1.55.5 h1:KKUZBfBoyqy5d3swXyiC7Q76ic40rYcbqH7qjh59kzU=
github.com/aws/aws-sdk-go v1.55.5/go.mod h1:eRwEWoyTWFMVYVQzKMNHWP5/RV4xIUGMQfXQHfHkpNU=
github.com/aws/aws-sdk-go-v2 v1.32.3 h1:T0dRlFBKcdaUPGNtkBSwHZxrtis8CQU17UpNBZYd0wk=
github.com/aws/aws-sdk-go-v2 v1.32.3/go.mod h1:2SK5n0a2karNTv5tbP1SjsX0uhttou00v/HpXKM1ZUo=
github.com/aws/aws-sdk-go-v2/aws/protocol/eventstream v1.6.6 h1:pT3hpW0cOHRJx8Y0DfJUEQuqPild8jRGmSFmBgvydr0=
github.com/aws/aws-sdk-go-v2/aws/protocol/eventstream v1.6.6/go.mod h1:j/I2++U0xX+cr44QjHay4Cvxj6FUbnxrgmqN3H1jTZA=
github.com/aws/aws-sdk-go-v2/feature/s3/manager v1.17.35 h1:ihPPdcCVSN0IvBByXwqVp28/l4VosBZ6sDulcvU2J7w=
github.com/aws/aws-sdk-go-v2/feature/s3/manager v1.17.35/go.mod h1:JkgEhs3SVF51Dj3m1Bj+yL8IznpxzkwlA3jLg3x7Kls=
github.com/aws/aws-sdk-go-v2/internal/configsources v1.3.22 h1:Jw50LwEkVjuVzE1NzkhNKkBf9cRN7MtE1F/b2cOKTUM=
github.com/aws/aws-sdk-go-v2/internal/configsources v1.3.22/go.mod h1:Y/SmAyPcOTmpeVaWSzSKiILfXTVJwrGmYZhcRbhWuEY=
github.com/aws/aws-sdk-go-v2/internal/endpoints/v2 v2.6.22 h1:981MHwBaRZM7+9QSR6XamDzF/o7ouUGxFzr+nVSIhrs=
github.com/aws/aws-sdk-go-v2/internal/endpoints/v2 v2.6.22/go.mod h1:1RA1+aBEfn+CAB/Mh0MB6LsdCYCnjZm7tKXtnk499ZQ=
github.com/aws/aws-sdk-go-v2/internal/v4a v1.3.22 h1:yV+hCAHZZYJQcwAaszoBNwLbPItHvApxT0kVIw6jRgs=
github.com/aws/aws-sdk-go-v2/internal/v4a v1.3.22/go.mod h1:kbR1TL8llqB1eGnVbybcA4/wgScxdylOdyAd51yxPdw=
github.com/aws/aws-sdk-go-v2/service/internal/accept-encoding v1.12.0 h1:TToQNkvGguu209puTojY/ozlqy2d/SFNcoLIqTFi42g=
github.com/aws/aws-sdk-go-v2/service/internal/accept-encoding v1.12.0/go.mod h1:0jp+ltwkf+SwG2fm/PKo8t4y8pJSgOCO4D8Lz3k0aHQ=
github.com/aws/aws-sdk-go-v2/service/internal/checksum v1.4.3 h1:kT6BcZsmMtNkP/iYMcRG+mIEA/IbeiUimXtGmqF39y0=
github.com/aws/aws-sdk-go-v2/service/internal/checksum v1.4.3/go.mod h1:Z8uGua2k4PPaGOYn66pK02rhMrot3Xk3tpBuUFPomZU=
github.com/aws/aws-sdk-go-v2/service/internal/presigned-url v1.12.3 h1:qcxX0JYlgWH3hpPUnd6U0ikcl6LLA9sLkXE2w1fpMvY=
github.com/aws/aws-sdk-go-v2/service/internal/presigned-url v1.12.3/go.mod h1:cLSNEmI45soc+Ef8K/L+8sEA3A3pYFEYf5B5UI+6bH4=
github.com/aws/aws-sdk-go-v2/service/internal/s3shared v1.18.3 h1:ZC7Y/XgKUxwqcdhO5LE8P6oGP1eh6xlQReWNKfhvJno=
github.com/aws/aws-sdk-go-v2/service/internal/s3shared v1.18.3/go.mod h1:WqfO7M9l9yUAw0HcHaikwRd/H6gzYdz7vjejCA5e2oY=
github.com/aws/aws-sdk-go-v2/service/s3 v1.66.2 h1:p9TNFL8bFUMd+38YIpTAXpoxyz0MxC7FlbFEH4P4E1U=
github.com/aws/aws-sdk-go-v2/service/s3 v1.66.2/go.mod h1:fNjyo0Coen9QTwQLWeV6WO2Nytwiu+cCcWaTdKCAqqE=
github.com/aws/smithy-go v1.22.0 h1:uunKnWlcoL3zO7q+gG2Pk53joueEOsnNB28QdMsmiMM=
github.com/aws/smithy-go v1.22.0/go.mod h1:irrKGvNn1InZwb2d7fkIRNucdfwR8R+Ts3wxYa/cJHg=
github.com/blang/semver v3.5.1+incompatible h1:cQNTCjp13qL8KC3Nbxr/y2Bqb63oX6wdnnjpJbkM4JQ=
github.com/blang/semver v3.5.1+incompatible/go.mod h1:kRBLl5iJ+tD4TcOOxsy/0fnwebNt5EWlYSAyrTnjyyk=
github.com/cenkalti/backoff/v4 v4.3.0 h1:MyRJ/UdXutAwSAT+s3wNd7MfTIcy71VQueUuFK343L8=
github.com/cenkalti/backoff/v4 v4.3.0/go.mod h1:Y3VNntkOUPxTVeUxJ/G5vcM//AlwfmyYozVcomhLiZE=
github.com/census-instrumentation/opencensus-proto v0.4.1 h1:iKLQ0xPNFxR/2hzXZMrBo8f1j86j5WHzznCCQxV/b8g=
github.com/census-instrumentation/opencensus-proto v0.4.1/go.mod h1:4T9NM4+4Vw91VeyqjLS6ao50K5bOcLKN6Q42XnYaRYw=
github.com/cespare/xxhash/v2 v2.3.0 h1:UL815xU9SqsFlibzuggzjXhog7bL6oX9BbNZnL2UFvs=
github.com/cespare/xxhash/v2 v2.3.0/go.mod h1:VGX0DQ3Q6kWi7AoAeZDth3/j3BFtOZR5XLFGgcrjCOs=
github.com/cncf/xds/go v0.0.0-20240905190251-b4127c9b8d78 h1:QVw89YDxXxEe+l8gU8ETbOasdwEV+avkR75ZzsVV9WI=
github.com/cncf/xds/go v0.0.0-20240905190251-b4127c9b8d78/go.mod h1:W+zGtBO5Y1IgJhy4+A9GOqVhqLpfZi+vwmdNXUehLA8=
github.com/davecgh/go-spew v1.1.2-0.20180830191138-d8f796af33cc h1:U9qPSI2PIWSS1VwoXQT9A3Wy9MM3WgvqSxFWenqJduM=
github.com/davecgh/go-spew v1.1.2-0.20180830191138-d8f796af33cc/go.mod h1:J7Y8YcW2NihsgmVo/mv3lAwl/skON4iLHjSsI+c5H38=
github.com/envoyproxy/go-control-plane v0.13.0 h1:HzkeUz1Knt+3bK+8LG1bxOO/jzWZmdxpwC51i202les=
github.com/envoyproxy/go-control-plane v0.13.0/go.mod h1:GRaKG3dwvFoTg4nj7aXdZnvMg4d7nvT/wl9WgVXn3Q8=
github.com/envoyproxy/protoc-gen-validate v1.1.0 h1:tntQDh69XqOCOZsDz0lVJQez/2L6Uu2PdjCQwWCJ3bM=
github.com/envoyproxy/protoc-gen-validate v1.1.0/go.mod h1:sXRDRVmzEbkM7CVcM06s9shE/m23dg3wzjl0UWqJ2q4=
github.com/felixge/httpsnoop v1.0.4 h1:NFTV2Zj1bL4mc9sqWACXbQFVBBg2W3GPvqp8/ESS2Wg=
github.com/felixge/httpsnoop v1.0.4/go.mod h1:m8KPJKqk1gH5J9DgRY2ASl2lWCfGKXixSwevea8zH2U=
github.com/go-logr/logr v1.2.2/go.mod h1:jdQByPbusPIv2/zmleS9BjJVeZ6kBagPoEUsqbVz/1A=
github.com/go-logr/logr v1.4.2 h1:6pFjapn8bFcIbiKo3XT4j/BhANplGihG6tvd+8rYgrY=
github.com/go-logr/logr v1.4.2/go.mod h1:9T104GzyrTigFIr8wt5mBrctHMim0Nb2HLGrmQ40KvY=
github.com/go-logr/stdr v1.2.2 h1:hSWxHoqTgW2S2qGc0LTAI563KZ5YKYRhT3MFKZMbjag=
github.com/go-logr/stdr v1.2.2/go.mod h1:mMo/vtBO5dYbehREoey6XUKy/eSumjCCveDpRre4VKE=
github.com/go-logr/zapr v1.3.0 h1:XGdV8XW8zdwFiwOA2Dryh1gj2KRQyOOoNmBy4EplIcQ=
github.com/go-logr/zapr v1.3.0/go.mod h1:YKepepNBd1u/oyhd/yQmtjVXmm9uML4IXUgMOwR8/Gg=
github.com/golang/groupcache v0.0.0-20210331224755-41bb18bfe9da h1:oI5xCqsCo564l8iNU+DwB5epxmsaqB+rhGL0m5jtYqE=
github.com/golang/groupcache v0.0.0-20210331224755-41bb18bfe9da/go.mod h1:cIg4eruTrX1D+g88fzRXU5OdNfaM+9IcxsU14FzY7Hc=
github.com/golang/mock v1.7.0-rc.1 h1:YojYx61/OLFsiv6Rw1Z96LpldJIy31o+UHmwAUMJ6/U=
github.com/golang/mock v1.7.0-rc.1/go.mod h1:s42URUywIqd+OcERslBJvOjepvNymP31m3q8d/GkuRs=
github.com/golang/snappy v0.0.4 h1:yAGX7huGHXlcLOEtBnF4w7FQwA26wojNCwOYAEhLjQM=
github.com/golang/snappy v0.0.4/go.mod h1:/XxbfmMg8lxefKM7IXC3fBNl/7bRcc72aCRzEWrmP2Q=
github.com/google/go-cmp v0.6.0 h1:ofyhxvXcZhMsU5ulbFiLKl/XBFqE1GSq7atu8tAmTRI=
github.com/google/go-cmp v0.6.0/go.mod h1:17dUlkBOakJ0+DkrSSNjCkIjxS6bF9zb3elmeNGIjoY=
github.com/google/s2a-go v0.1.8 h1:zZDs9gcbt9ZPLV0ndSyQk6Kacx2g/X+SKYovpnz3SMM=
github.com/google/s2a-go v0.1.8/go.mod h1:6iNWHTpQ+nfNRN5E00MSdfDwVesa8hhS32PhPO8deJA=
github.com/google/uuid v1.6.0 h1:NIvaJDMOsjHA8n1jAhLSgzrAzy1Hgr+hNrb57e+94F0=
github.com/google/uuid v1.6.0/go.mod h1:TIyPZe4MgqvfeYDBFedMoGGpEw/LqOeaOT+nhxU+yHo=
github.com/googleapis/enterprise-certificate-proxy v0.3.4 h1:XYIDZApgAnrN1c855gTgghdIA6Stxb52D5RnLI1SLyw=
github.com/googleapis/enterprise-certificate-proxy v0.3.4/go.mod h1:YKe7cfqYXjKGpGvmSg28/fFvhNzinZQm8DGnaburhGA=
github.com/googleapis/gax-go/v2 v2.13.0 h1:yitjD5f7jQHhyDsnhKEBU52NdvvdSeGzlAnDPT0hH1s=
github.com/googleapis/gax-go/v2 v2.13.0/go.mod h1:Z/fvTZXF8/uw7Xu5GuslPw+bplx6SS338j1Is2S+B7A=
github.com/grpc-ecosystem/grpc-gateway/v2 v2.23.0 h1:ad0vkEBuk23VJzZR9nkLVG0YAoN9coASF1GusYX6AlU=
github.com/grpc-ecosystem/grpc-gateway/v2 v2.23.0/go.mod h1:igFoXX2ELCW06bol23DWPB5BEWfZISOzSP5K2sbLea0=
github.com/jmespath/go-jmespath v0.4.0 h1:BEgLn5cpjn8UN1mAw4NjwDrS35OdebyEtFe+9YPoQUg=
github.com/jmespath/go-jmespath v0.4.0/go.mod h1:T8mJZnbsbmF+m6zOOFylbeCJqk5+pHWvzYPziyZiYoo=
github.com/klauspost/compress v1.17.11 h1:In6xLpyWOi1+C7tXUUWv2ot1QvBjxevKAaI6IXrJmUc=
github.com/klauspost/compress v1.17.11/go.mod h1:pMDklpSncoRMuLFrf1W9Ss9KT+0rH90U12bZKk7uwG0=
github.com/kr/pretty v0.3.1 h1:flRD4NNwYAUpkphVc1HcthR4KEIFJ65n8Mw5qdRn3LE=
github.com/kr/pretty v0.3.1/go.mod h1:hoEshYVHaxMs3cyo3Yncou5ZscifuDolrwPKZanG3xk=
github.com/kr/text v0.2.0 h1:5Nx0Ya0ZqY2ygV366QzturHI13Jq95ApcVaJBhpS+AY=
github.com/kr/text v0.2.0/go.mod h1:eLer722TekiGuMkidMxC/pM04lWEeraHUUmBw8l2grE=
github.com/nikunjy/rules v1.5.0 h1:KJDSLOsFhwt7kcXUyZqwkgrQg5YoUwj+TVu6ItCQShw=
github.com/nikunjy/rules v1.5.0/go.mod h1:TlZtZdBChrkqi8Lr2AXocme8Z7EsbxtFdDoKeI6neBQ=
github.com/open-feature/go-sdk v1.13.1 h1:RJbS70eyi7Jd3Zm5bFnaahNKNDXn+RAVnctpGu+uPis=
github.com/open-feature/go-sdk v1.13.1/go.mod h1:O8r4mhgeRIsjJ0ZBXlnE0BtbT/79W44gQceR7K8KYgo=
github.com/open-feature/go-sdk-contrib/providers/go-feature-flag-in-process v0.1.0 h1:EFIT5QBQ/T3lNVLmma69SNQbAWBgAl+EtcH0VfrdM7Y=
github.com/open-feature/go-sdk-contrib/providers/go-feature-flag-in-process v0.1.0/go.mod h1:DpptytCB+FbUIoRjTGtSDEA82aojWC4MIxL8GOK26Rs=
github.com/pierrec/lz4/v4 v4.1.21 h1:yOVMLb6qSIDP67pl/5F7RepeKYu/VmTyEXvuMI5d9mQ=
github.com/pierrec/lz4/v4 v4.1.21/go.mod h1:gZWDp/Ze/IJXGXf23ltt2EXimqmTUXEy0GFuRQyBid4=
github.com/planetscale/vtprotobuf v0.6.1-0.20240319094008-0393e58bdf10 h1:GFCKgmp0tecUJ0sJuv4pzYCqS9+RGSn52M3FUwPs+uo=
github.com/planetscale/vtprotobuf v0.6.1-0.20240319094008-0393e58bdf10/go.mod h1:t/avpk3KcrXxUnYOhZhMXJlSEyie6gQbtLq5NM3loB8=
github.com/pmezard/go-difflib v1.0.1-0.20181226105442-5d4384ee4fb2 h1:Jamvg5psRIccs7FGNTlIRMkT8wgtp5eCXdBlqhYGL6U=
github.com/pmezard/go-difflib v1.0.1-0.20181226105442-5d4384ee4fb2/go.mod h1:iKH77koFhYxTK1pcRnkKkqfTogsbg7gZNVY4sRDYZ/4=
github.com/rogpeppe/go-internal v1.13.1 h1:KvO1DLK/DRN07sQ1LQKScxyZJuNnedQ5/wKSR38lUII=
github.com/rogpeppe/go-internal v1.13.1/go.mod h1:uMEvuHeurkdAXX61udpOXGD/AzZDWNMNyH2VO9fmH0o=
github.com/stretchr/testify v1.9.0 h1:HtqpIVDClZ4nwg75+f6Lvsy/wHu+3BoSGCbBAcpTsTg=
github.com/stretchr/testify v1.9.0/go.mod h1:r2ic/lqez/lEtzL7wO/rwa5dbSLXVDPFyf8C91i36aY=
github.com/thejerf/slogassert v0.3.4 h1:VoTsXixRbXMrRSSxDjYTiEDCM4VWbsYPW5rB/hX24kM=
github.com/thejerf/slogassert v0.3.4/go.mod h1:0zn9ISLVKo1aPMTqcGfG1o6dWwt+Rk574GlUxHD4rs8=
github.com/thomaspoignant/go-feature-flag v1.38.0 h1:rwyrAaKvXcTUIwXeCRGOYOCYW6iQN9LVcCghNc9IY5Q=
github.com/thomaspoignant/go-feature-flag v1.38.0/go.mod h1:izCd2lHCCeBsXoaCz3uzXenaLx9dX+D4FfRxqdrTaPQ=
github.com/xitongsys/parquet-go v1.6.2 h1:MhCaXii4eqceKPu9BwrjLqyK10oX9WF+xGhwvwbw7xM=
github.com/xitongsys/parquet-go v1.6.2/go.mod h1:IulAQyalCm0rPiZVNnCgm/PCL64X2tdSVGMQ/UeKqWA=
github.com/xitongsys/parquet-go-source v0.0.0-20230830030807-0dd610dbff1d h1:VVWj8KWdzpebBaXpTVpOaQW32y2UCWy3JXJ5lVDa/e8=
github.com/xitongsys/parquet-go-source v0.0.0-20230830030807-0dd610dbff1d/go.mod h1:HaLl1OAA7RAuQURU3Enxn7aRAI9yezsPPaxiGrbzxW4=
github.com/yuin/goldmark v1.4.1/go.mod h1:mwnBkeHKe2W/ZEtQ+71ViKU8L12m81fl3OWwC1Zlc8k=
go.opencensus.io v0.24.0 h1:y73uSU6J157QMP2kn2r30vwW1A2W2WFwSCGnAVxeaD0=
go.opencensus.io v0.24.0/go.mod h1:vNK8G9p7aAivkbmorf4v+7Hgx+Zs0yY+0fOtgBfjQKo=
go.opentelemetry.io/contrib/detectors/gcp v1.29.0 h1:TiaiXB4DpGD3sdzNlYQxruQngn5Apwzi1X0DRhuGvDQ=
go.opentelemetry.io/contrib/detectors/gcp v1.29.0/go.mod h1:GW2aWZNwR2ZxDLdv8OyC2G8zkRoQBuURgV7RPQgcPoU=
go.opentelemetry.io/contrib/instrumentation/google.golang.org/grpc/otelgrpc v0.54.0 h1:r6I7RJCN86bpD/FQwedZ0vSixDpwuWREjW9oRMsmqDc=
go.opentelemetry.io/contrib/instrumentation/google.golang.org/grpc/otelgrpc v0.54.0/go.mod h1:B9yO6b04uB80CzjedvewuqDhxJxi11s7/GtiGa8bAjI=
go.opentelemetry.io/contrib/instrumentation/net/http/otelhttp v0.57.0 h1:DheMAlT6POBP+gh8RUH19EOTnQIor5QE0uSRPtzCpSw=
go.opentelemetry.io/contrib/instrumentation/net/http/otelhttp v0.57.0/go.mod h1:wZcGmeVO9nzP67aYSLDqXNWK87EZWhi7JWj1v7ZXf94=
go.opentelemetry.io/otel v1.32.0 h1:WnBN+Xjcteh0zdk01SVqV55d/m62NJLJdIyb4y/WO5U=
go.opentelemetry.io/otel v1.32.0/go.mod h1:00DCVSB0RQcnzlwyTfqtxSm+DRr9hpYrHjNGiBHVQIg=
go.opentelemetry.io/otel/exporters/otlp/otlptrace v1.32.0 h1:IJFEoHiytixx8cMiVAO+GmHR6Frwu+u5Ur8njpFO6Ac=
go.opentelemetry.io/otel/exporters/otlp/otlptrace v1.32.0/go.mod h1:3rHrKNtLIoS0oZwkY2vxi+oJcwFRWdtUyRII+so45p8=
go.opentelemetry.io/otel/exporters/otlp/otlptrace/otlptracegrpc v1.32.0 h1:9kV11HXBHZAvuPUZxmMWrH8hZn/6UnHX4K0mu36vNsU=
go.opentelemetry.io/otel/exporters/otlp/otlptrace/otlptracegrpc v1.32.0/go.mod h1:JyA0FHXe22E1NeNiHmVp7kFHglnexDQ7uRWDiiJ1hKQ=
go.opentelemetry.io/otel/metric v1.32.0 h1:xV2umtmNcThh2/a/aCP+h64Xx5wsj8qqnkYZktzNa0M=
go.opentelemetry.io/otel/metric v1.32.0/go.mod h1:jH7CIbbK6SH2V2wE16W05BHCtIDzauciCRLoc/SyMv8=
go.opentelemetry.io/otel/sdk v1.32.0 h1:RNxepc9vK59A8XsgZQouW8ue8Gkb4jpWtJm9ge5lEG4=
go.opentelemetry.io/otel/sdk v1.32.0/go.mod h1:LqgegDBjKMmb2GC6/PrTnteJG39I8/vJCAP9LlJXEjU=
go.opentelemetry.io/otel/sdk/metric v1.31.0 h1:i9hxxLJF/9kkvfHppyLL55aW7iIJz4JjxTeYusH7zMc=
go.opentelemetry.io/otel/sdk/metric v1.31.0/go.mod h1:CRInTMVvNhUKgSAMbKyTMxqOBC0zgyxzW55lZzX43Y8=
go.opentelemetry.io/otel/trace v1.32.0 h1:WIC9mYrXf8TmY/EXuULKc8hR17vE+Hjv2cssQDe03fM=
go.opentelemetry.io/otel/trace v1.32.0/go.mod h1:+i4rkvCraA+tG6AzwloGaCtkx53Fa+L+V8e9a7YvhT8=
go.opentelemetry.io/proto/otlp v1.3.1 h1:TrMUixzpM0yuc/znrFTP9MMRh8trP93mkCiDVeXrui0=
go.opentelemetry.io/proto/otlp v1.3.1/go.mod h1:0X1WI4de4ZsLrrJNLAQbFeLCm3T7yBkR0XqQ7niQU+8=
go.uber.org/goleak v1.3.0 h1:2K3zAYmnTNqV73imy9J1T3WC+gmCePx2hEGkimedGto=
go.uber.org/goleak v1.3.0/go.mod h1:CoHD4mav9JJNrW/WLlf7HGZPjdw8EucARQHekz1X6bE=
go.uber.org/multierr v1.11.0 h1:blXXJkSxSSfBVBlC76pxqeO+LN3aDfLQo+309xJstO0=
go.uber.org/multierr v1.11.0/go.mod h1:20+QtiLqy0Nd6FdQB9TLXag12DsQkrbs3htMFfDN80Y=
go.uber.org/zap v1.27.0 h1:aJMhYGrd5QSmlpLMr2MftRKl7t8J8PTZPA732ud/XR8=
go.uber.org/zap v1.27.0/go.mod h1:GB2qFLM7cTU87MWRP2mPIjqfIDnGu+VIO4V/SdhGo2E=
golang.org/x/crypto v0.0.0-20190308221718-c2843e01d9a2/go.mod h1:djNgcEr1/C05ACkg1iLfiJU5Ep61QUkGW8qpdssI0+w=
golang.org/x/crypto v0.0.0-20191011191535-87dc89f01550/go.mod h1:yigFU9vqHzYiE8UmvKecakEJjdnWj3jj499lnFckfCI=
golang.org/x/crypto v0.28.0 h1:GBDwsMXVQi34v5CCYUm2jkJvu4cbtru2U4TN2PSyQnw=
golang.org/x/crypto v0.28.0/go.mod h1:rmgy+3RHxRZMyY0jjAJShp2zgEdOqj2AO7U0pYmeQ7U=
golang.org/x/exp v0.0.0-20240506185415-9bf2ced13842 h1:vr/HnozRka3pE4EsMEg1lgkXJkTFJCVUX+S/ZT6wYzM=
golang.org/x/exp v0.0.0-20240506185415-9bf2ced13842/go.mod h1:XtvwrStGgqGPLc4cjQfWqZHG1YFdYs6swckp8vpsjnc=
golang.org/x/mod v0.5.1/go.mod h1:5OXOZSfqPIIbmVBIIKWRFfZjPR0E5r58TLhUjH0a2Ro=
golang.org/x/net v0.0.0-20190404232315-eb5bcb51f2a3/go.mod h1:t9HGtf8HONx5eT2rtn7q6eTqICYqUVnKs3thJo3Qplg=
golang.org/x/net v0.0.0-20190620200207-3b0461eec859/go.mod h1:z5CRVTTTmAJ677TzLLGU+0bjPO0LkuOLi4/5GtJWs/s=
golang.org/x/net v0.0.0-20211015210444-4f30a5c0130f/go.mod h1:9nx3DQGgdP8bBQD5qxJ1jj9UTztislL4KSBs9R2vV5Y=
golang.org/x/net v0.30.0 h1:AcW1SDZMkb8IpzCdQUaIq2sP4sZ4zw+55h6ynffypl4=
golang.org/x/net v0.30.0/go.mod h1:2wGyMJ5iFasEhkwi13ChkO/t1ECNC4X4eBKkVFyYFlU=
golang.org/x/oauth2 v0.23.0 h1:PbgcYx2W7i4LvjJWEbf0ngHV6qJYr86PkAV3bXdLEbs=
golang.org/x/oauth2 v0.23.0/go.mod h1:XYTD2NtWslqkgxebSiOHnXEap4TF09sJSc7H1sXbhtI=
golang.org/x/sync v0.0.0-20190423024810-112230192c58/go.mod h1:RxMgew5VJxzue5/jJTE5uejpjVlOe/izrB70Jof72aM=
golang.org/x/sync v0.0.0-20210220032951-036812b2e83c/go.mod h1:RxMgew5VJxzue5/jJTE5uejpjVlOe/izrB70Jof72aM=
golang.org/x/sync v0.9.0 h1:fEo0HyrW1GIgZdpbhCRO0PkJajUS5H9IFUztCgEo2jQ=
golang.org/x/sync v0.9.0/go.mod h1:Czt+wKu1gCyEFDUtn0jG5QVvpJ6rzVqr5aXyt9drQfk=
golang.org/x/sys v0.0.0-20190215142949-d0b11bdaac8a/go.mod h1:STP8DvDyc/dI5b8T5hshtkjS+E42TnysNCUPdjciGhY=
golang.org/x/sys v0.0.0-20190412213103-97732733099d/go.mod h1:h1NjWce9XRLGQEsW7wpKNCjG9DtNlClVuFLEZdDNbEs=
golang.org/x/sys v0.0.0-20201119102817-f84b799fce68/go.mod h1:h1NjWce9XRLGQEsW7wpKNCjG9DtNlClVuFLEZdDNbEs=
golang.org/x/sys v0.0.0-20210423082822-04245dca01da/go.mod h1:h1NjWce9XRLGQEsW7wpKNCjG9DtNlClVuFLEZdDNbEs=
golang.org/x/sys v0.0.0-20211019181941-9d821ace8654/go.mod h1:oPkhp1MJrh7nUepCBck5+mAzfO9JrbApNNgaTdGDITg=
golang.org/x/sys v0.27.0 h1:wBqf8DvsY9Y/2P8gAfPDEYNuS30J4lPHJxXSb/nJZ+s=
golang.org/x/sys v0.27.0/go.mod h1:/VUhepiaJMQUp4+oa/7Zr1D23ma6VTLIYjOOTFZPUcA=
golang.org/x/term v0.0.0-20201126162022-7de9c90e9dd1/go.mod h1:bj7SfCRtBDWHUb9snDiAeCFNEtKQo2Wmx5Cou7ajbmo=
golang.org/x/text v0.3.0/go.mod h1:NqM8EUOU14njkJ3fqMW+pc6Ldnwhi/IjpwHt7yyuwOQ=
golang.org/x/text v0.3.6/go.mod h1:5Zoc/QRtKVWzQhOtBMvqHzDpF6irO9z98xDceosuGiQ=
golang.org/x/text v0.3.7/go.mod h1:u+2+/6zg+i71rQMx5EYifcz6MCKuco9NR6JIITiCfzQ=
golang.org/x/text v0.20.0 h1:gK/Kv2otX8gz+wn7Rmb3vT96ZwuoxnQlY+HlJVj7Qug=
golang.org/x/text v0.20.0/go.mod h1:D4IsuqiFMhST5bX19pQ9ikHC2GsaKyk/oF+pn3ducp4=
golang.org/x/time v0.7.0 h1:ntUhktv3OPE6TgYxXWv9vKvUSJyIFJlyohwbkEwPrKQ=
golang.org/x/time v0.7.0/go.mod h1:3BpzKBy/shNhVucY/MWOyx10tF3SFh9QdLuxbVysPQM=
golang.org/x/tools v0.0.0-20180917221912-90fa682c2a6e/go.mod h1:n7NCudcB/nEzxVGmLbDWY5pfWTLqBcC2KZ6jyYvM4mQ=
golang.org/x/tools v0.0.0-20191119224855-298f0cb1881e/go.mod h1:b+2E5dAYhXwXZwtnZ6UAqBI28+e2cm9otk0dWdXHAEo=
golang.org/x/tools v0.1.8/go.mod h1:nABZi5QlRsZVlzPpHl034qft6wpY4eDcsTt5AaioBiU=
golang.org/x/xerrors v0.0.0-20190717185122-a985d3407aa7/go.mod h1:I/5z698sn9Ka8TeJc9MKroUUfqBBauWjQqLJ2OPfmY0=
golang.org/x/xerrors v0.0.0-20191011141410-1b5146add898/go.mod h1:I/5z698sn9Ka8TeJc9MKroUUfqBBauWjQqLJ2OPfmY0=
golang.org/x/xerrors v0.0.0-20200804184101-5ec99f83aff1/go.mod h1:I/5z698sn9Ka8TeJc9MKroUUfqBBauWjQqLJ2OPfmY0=
golang.org/x/xerrors v0.0.0-20240903120638-7835f813f4da h1:noIWHXmPHxILtqtCOPIhSt0ABwskkZKjD3bXGnZGpNY=
golang.org/x/xerrors v0.0.0-20240903120638-7835f813f4da/go.mod h1:NDW/Ps6MPRej6fsCIbMTohpP40sJ/P/vI1MoTEGwX90=
google.golang.org/api v0.204.0 h1:3PjmQQEDkR/ENVZZwIYB4W/KzYtN8OrqnNcHWpeR8E4=
google.golang.org/api v0.204.0/go.mod h1:69y8QSoKIbL9F94bWgWAq6wGqGwyjBgi2y8rAK8zLag=
google.golang.org/genproto v0.0.0-20241021214115-324edc3d5d38 h1:Q3nlH8iSQSRUwOskjbcSMcF2jiYMNiQYZ0c2KEJLKKU=
google.golang.org/genproto v0.0.0-20241021214115-324edc3d5d38/go.mod h1:xBI+tzfqGGN2JBeSebfKXFSdBpWVQ7sLW40PTupVRm4=
google.golang.org/genproto/googleapis/api v0.0.0-20241104194629-dd2ea8efbc28 h1:M0KvPgPmDZHPlbRbaNU1APr28TvwvvdUPlSv7PUvy8g=
google.golang.org/genproto/googleapis/api v0.0.0-20241104194629-dd2ea8efbc28/go.mod h1:dguCy7UOdZhTvLzDyt15+rOrawrpM4q7DD9dQ1P11P4=
google.golang.org/genproto/googleapis/rpc v0.0.0-20241104194629-dd2ea8efbc28 h1:XVhgTWWV3kGQlwJHR3upFWZeTsei6Oks1apkZSeonIE=
google.golang.org/genproto/googleapis/rpc v0.0.0-20241104194629-dd2ea8efbc28/go.mod h1:GX3210XPVPUjJbTUbvwI8f2IpZDMZuPJWDzDuebbviI=
google.golang.org/grpc v1.67.1 h1:zWnc1Vrcno+lHZCOofnIMvycFcc0QRGIzm9dhnDX68E=
google.golang.org/grpc v1.67.1/go.mod h1:1gLDyUQU7CTLJI90u3nXZ9ekeghjeM7pTDZlqFNg2AA=
google.golang.org/grpc/stats/opentelemetry v0.0.0-20240907200651-3ffb98b2c93a h1:UIpYSuWdWHSzjwcAFRLjKcPXFZVVLXGEM23W+NWqipw=
google.golang.org/grpc/stats/opentelemetry v0.0.0-20240907200651-3ffb98b2c93a/go.mod h1:9i1T9n4ZinTUZGgzENMi8MDDgbGC5mqTS75JAv6xN3A=
google.golang.org/protobuf v1.35.1 h1:m3LfL6/Ca+fqnjnlqQXNpFPABW1UD7mjh8KO2mKFytA=
google.golang.org/protobuf v1.35.1/go.mod h1:9fA7Ob0pmnwhb644+1+CVWFRbNajQ6iRojtC/QF5bRE=
gopkg.in/check.v1 v0.0.0-20161208181325-20d25e280405/go.mod h1:Co6ibVJAznAaIkqp8huTwlJQCZ016jof/cbN4VW5Yz0=
gopkg.in/check.v1 v1.0.0-20201130134442-10cb98267c6c h1:Hei/4ADfdWqJk1ZMxUNpqntNwaWcugrBjAiHlqqRiVk=
gopkg.in/check.v1 v1.0.0-20201130134442-10cb98267c6c/go.mod h1:JHkPIbrfpd72SG/EVd6muEfDQjcINNoR0C8j2r3qZ4Q=
gopkg.in/yaml.v3 v3.0.1 h1:fxVm/GzAzEWqLHuvctI91KS9hhNmmWOoWu0XTYJS7CA=
gopkg.in/yaml.v3 v3.0.1/go.mod h1:K4uyk7z7BCEPqu6E+C64Yfv1cQ7kz7rIZviUmN+EgEM=
